Microsoft Visual Studio Solution File, Format Version 12.00
# Visual Studio Version 17
VisualStudioVersion = 17.5.2.0
MinimumVisualStudioVersion = 10.0.40219.1
Project("{FAE04EC0-301F-11D3-BF4B-00C04F79EFBC}") = "CasaDeCambio", "CasaDeCambio.csproj", "{30EE482C-F5B4-B2B1-9C66-2FDB214C0BC8}"
EndProject
Global
	GlobalSection(SolutionConfigurationPlatforms) = preSolution
		Debug|Any CPU = Debug|Any CPU
		Release|Any CPU = Release|Any CPU
	EndGlobalSection
	GlobalSection(ProjectConfigurationPlatforms) = postSolution
		{30EE482C-F5B4-B2B1-9C66-2FDB214C0BC8}.Debug|Any CPU.ActiveCfg = Debug|Any CPU
		{30EE482C-F5B4-B2B1-9C66-2FDB214C0BC8}.Debug|Any CPU.Build.0 = Debug|Any CPU
		{30EE482C-F5B4-B2B1-9C66-2FDB214C0BC8}.Release|Any CPU.ActiveCfg = Release|Any CPU
		{30EE482C-F5B4-B2B1-9C66-2FDB214C0BC8}.Release|Any CPU.Build.0 = Release|Any CPU
	EndGlobalSection
	GlobalSection(SolutionProperties) = preSolution
		HideSolutionNode = FALSE
	EndGlobalSection
	GlobalSection(ExtensibilityGlobals) = postSolution
		SolutionGuid = {E2449477-0434-4EDD-AFEE-520E68902861}
	EndGlobalSection
EndGlobal
